{
  "name": "algo-linear-search",
  "version": "1.0.0",
  "lockfileVersion": 2,
  "requires": true,
  "packages": {
    "": {
      "name": "algo-linear-search",
      "version": "1.0.0",
      "license": "ISC",
      "dependencies": {
        "shallow-equal": "^1.2.1"
      },
      "devDependencies": {}
    },
    "node_modules/shallow-equal": {
      "version": "1.2.1",
      "resolved": "https://registry.npmjs.org/shallow-equal/-/shallow-equal-1.2.1.tgz",
      "integrity": "sha512-S4vJDjHHMBaiZuT9NPb616CSmLf618jawtv3sufLl6ivK8WocjAo58cXwbRV1cgqxH0Qbv+iUt6m05eqEa2IRA=="
    }
  },
  "dependencies": {
    "shallow-equal": {
      "version": "1.2.1",
      "resolved": "https://registry.npmjs.org/shallow-equal/-/shallow-equal-1.2.1.tgz",
      "integrity": "sha512-S4vJDjHHMBaiZuT9NPb616CSmLf618jawtv3sufLl6ivK8WocjAo58cXwbRV1cgqxH0Qbv+iUt6m05eqEa2IRA=="
    }
  }
}
